
Microsoft Visual Studio Solution File, Format Version 12.00
# Visual Studio Express 2013 for Windows Desktop
VisualStudioVersion = 12.0.31101.0
MinimumVisualStudioVersion = 10.0.40219.1
Project("{8BC9CEB8-8B4A-11D0-8D11-00A0C91BC942}") = "Arma2Net", "Arma2Net\Arma2Net.vcxproj", "{8D2448B2-B12A-4C5D-B2EE-F6717A6918C9}"
EndProject
Project("{FAE04EC0-301F-11D3-BF4B-00C04F79EFBC}") = "DateTimeAddin", "DateTimeAddin\DateTimeAddin.csproj", "{F9939A94-2406-4874-8F51-15355EAAC502}"
EndProject
Project("{8BC9CEB8-8B4A-11D0-8D11-00A0C91BC942}") = "Arma2Net.RVExtensionTest", "Arma2Net.RVExtensionTest\Arma2Net.RVExtensionTest.vcxproj", "{722AA5C8-A875-42C0-BACE-B4E63131D510}"
	ProjectSection(ProjectDependencies) = postProject
		{8D2448B2-B12A-4C5D-B2EE-F6717A6918C9} = {8D2448B2-B12A-4C5D-B2EE-F6717A6918C9}
	EndProjectSection
EndProject
Project("{FAE04EC0-301F-11D3-BF4B-00C04F79EFBC}") = "TestAddin", "TestAddin\TestAddin.csproj", "{059E319A-C0A5-4AE3-A1DB-AAE70A065671}"
EndProject
Project("{FAE04EC0-301F-11D3-BF4B-00C04F79EFBC}") = "ExerciseStatisticAddin", "ExerciseStatisticAddin\ExerciseStatisticAddin.csproj", "{7B9D5DA2-C62B-418F-9904-F9AE250D5500}"
EndProject
Project("{FAE04EC0-301F-11D3-BF4B-00C04F79EFBC}") = "ExerciseStatisticService", "ExerciseStatisticService\ExerciseStatisticService.csproj", "{B067BA20-02AC-4F04-95B5-1FF927375868}"
EndProject
Global
	GlobalSection(SolutionConfigurationPlatforms) = preSolution
		Debug|x86 = Debug|x86
		Release|x86 = Release|x86
	EndGlobalSection
	GlobalSection(ProjectConfigurationPlatforms) = postSolution
		{8D2448B2-B12A-4C5D-B2EE-F6717A6918C9}.Debug|x86.ActiveCfg = Debug|Win32
		{8D2448B2-B12A-4C5D-B2EE-F6717A6918C9}.Debug|x86.Build.0 = Debug|Win32
		{8D2448B2-B12A-4C5D-B2EE-F6717A6918C9}.Release|x86.ActiveCfg = Release|Win32
		{8D2448B2-B12A-4C5D-B2EE-F6717A6918C9}.Release|x86.Build.0 = Release|Win32
		{F9939A94-2406-4874-8F51-15355EAAC502}.Debug|x86.ActiveCfg = Debug|x86
		{F9939A94-2406-4874-8F51-15355EAAC502}.Debug|x86.Build.0 = Debug|x86
		{F9939A94-2406-4874-8F51-15355EAAC502}.Release|x86.ActiveCfg = Release|x86
		{F9939A94-2406-4874-8F51-15355EAAC502}.Release|x86.Build.0 = Release|x86
		{722AA5C8-A875-42C0-BACE-B4E63131D510}.Debug|x86.ActiveCfg = Debug|Win32
		{722AA5C8-A875-42C0-BACE-B4E63131D510}.Debug|x86.Build.0 = Debug|Win32
		{722AA5C8-A875-42C0-BACE-B4E63131D510}.Release|x86.ActiveCfg = Release|Win32
		{722AA5C8-A875-42C0-BACE-B4E63131D510}.Release|x86.Build.0 = Release|Win32
		{059E319A-C0A5-4AE3-A1DB-AAE70A065671}.Debug|x86.ActiveCfg = Debug|x86
		{059E319A-C0A5-4AE3-A1DB-AAE70A065671}.Debug|x86.Build.0 = Debug|x86
		{059E319A-C0A5-4AE3-A1DB-AAE70A065671}.Release|x86.ActiveCfg = Release|x86
		{059E319A-C0A5-4AE3-A1DB-AAE70A065671}.Release|x86.Build.0 = Release|x86
		{7B9D5DA2-C62B-418F-9904-F9AE250D5500}.Debug|x86.ActiveCfg = Debug|x86
		{7B9D5DA2-C62B-418F-9904-F9AE250D5500}.Debug|x86.Build.0 = Debug|x86
		{7B9D5DA2-C62B-418F-9904-F9AE250D5500}.Release|x86.ActiveCfg = Release|x86
		{7B9D5DA2-C62B-418F-9904-F9AE250D5500}.Release|x86.Build.0 = Release|x86
		{B067BA20-02AC-4F04-95B5-1FF927375868}.Debug|x86.ActiveCfg = Debug|x86
		{B067BA20-02AC-4F04-95B5-1FF927375868}.Debug|x86.Build.0 = Debug|x86
		{B067BA20-02AC-4F04-95B5-1FF927375868}.Release|x86.ActiveCfg = Release|x86
		{B067BA20-02AC-4F04-95B5-1FF927375868}.Release|x86.Build.0 = Release|x86
	EndGlobalSection
	GlobalSection(SolutionProperties) = preSolution
		HideSolutionNode = FALSE
	EndGlobalSection
EndGlobal
